<?xml version="1.0" encoding="utf-8"?>
<Project ToolsVersion="4.0" xmlns="http://schemas.microsoft.com/developer/msbuild/2003">
  <ItemGroup>
    <Filter Include="源文件">
      <UniqueIdentifier>{4FC737F1-C7A5-4376-A066-2A32D752A2FF}</UniqueIdentifier>
      <Extensions>cpp;c;cc;cxx;def;odl;idl;hpj;bat;asm;asmx</Extensions>
    </Filter>
    <Filter Include="头文件">
      <UniqueIdentifier>{93995380-89BD-4b04-88EB-625FBE52EBFB}</UniqueIdentifier>
      <Extensions>h;hh;hpp;hxx;hm;inl;inc;xsd</Extensions>
    </Filter>
    <Filter Include="资源文件">
      <UniqueIdentifier>{67DA6AB6-F800-4c08-8B7A-83BB121AAD01}</UniqueIdentifier>
      <Extensions>rc;ico;cur;bmp;dlg;rc2;rct;bin;rgs;gif;jpg;jpeg;jpe;resx;tiff;tif;png;wav;mfcribbon-ms</Extensions>
    </Filter>
    <Filter Include="头文件\Common">
      <UniqueIdentifier>{0e16cfba-99c4-4689-83e8-6ff32f73d23e}</UniqueIdentifier>
    </Filter>
    <Filter Include="源文件\Common">
      <UniqueIdentifier>{2ae4f2a5-7181-4fdc-aad5-14063997993f}</UniqueIdentifier>
    </Filter>
  </ItemGroup>
  <ItemGroup>
    <ClInclude Include="..\..\Common\backLayer.h">
      <Filter>头文件\Common</Filter>
    </ClInclude>
    <ClInclude Include="..\..\Common\dispmanx_graphics.h">
      <Filter>头文件\Common</Filter>
    </ClInclude>
    <ClInclude Include="..\..\Common\imageLayer.h">
      <Filter>头文件\Common</Filter>
    </ClInclude>
    <ClInclude Include="..\..\Common\image.h">
      <Filter>头文件\Common</Filter>
    </ClInclude>
  </ItemGroup>
  <ItemGroup>
    <ClCompile Include="..\..\Common\backLayer.c">
      <Filter>源文件\Common</Filter>
    </ClCompile>
    <ClCompile Include="..\..\Common\dispmanx_graphics.c">
      <Filter>源文件\Common</Filter>
    </ClCompile>
    <ClCompile Include="..\..\BakcGround\backgroundTest.c">
      <Filter>源文件</Filter>
    </ClCompile>
    <ClCompile Include="..\..\Common\imageLayer.c">
      <Filter>源文件\Common</Filter>
    </ClCompile>
    <ClCompile Include="..\..\Common\image.c">
      <Filter>源文件\Common</Filter>
    </ClCompile>
    <ClCompile Include="..\..\Common\imageTest.c">
      <Filter>源文件</Filter>
    </ClCompile>
    <ClCompile Include="..\..\Common\videoTest.c">
      <Filter>源文件</Filter>
    </ClCompile>
  </ItemGroup>
  <ItemGroup>
    <None Include="..\..\BakcGround\Makefile">
      <Filter>源文件</Filter>
    </None>
  </ItemGroup>
</Project>