<?xml version="1.0" encoding="utf-8"?>
<Project ToolsVersion="4.0" xmlns="http://schemas.microsoft.com/developer/msbuild/2003">
  <ItemGroup>
    <Filter Include="源文件">
      <UniqueIdentifier>{4FC737F1-C7A5-4376-A066-2A32D752A2FF}</UniqueIdentifier>
      <Extensions>cpp;c;cc;cxx;def;odl;idl;hpj;bat;asm;asmx</Extensions>
    </Filter>
    <Filter Include="头文件">
      <UniqueIdentifier>{93995380-89BD-4b04-88EB-625FBE52EBFB}</UniqueIdentifier>
      <Extensions>h;hh;hpp;hxx;hm;inl;inc;xsd</Extensions>
    </Filter>
    <Filter Include="资源文件">
      <UniqueIdentifier>{67DA6AB6-F800-4c08-8B7A-83BB121AAD01}</UniqueIdentifier>
      <Extensions>rc;ico;cur;bmp;dlg;rc2;rct;bin;rgs;gif;jpg;jpeg;jpe;resx;tiff;tif;png;wav;mfcribbon-ms</Extensions>
    </Filter>
    <Filter Include="头文件\IL">
      <UniqueIdentifier>{790bdb4f-0d98-4be2-b1fc-edca973e4b23}</UniqueIdentifier>
    </Filter>
  </ItemGroup>
  <ItemGroup>
    <ClInclude Include="..\..\IL\OMX_Audio.h">
      <Filter>头文件\IL</Filter>
    </ClInclude>
    <ClInclude Include="..\..\IL\OMX_Broadcom.h">
      <Filter>头文件\IL</Filter>
    </ClInclude>
    <ClInclude Include="..\..\IL\OMX_Component.h">
      <Filter>头文件\IL</Filter>
    </ClInclude>
    <ClInclude Include="..\..\IL\OMX_Core.h">
      <Filter>头文件\IL</Filter>
    </ClInclude>
    <ClInclude Include="..\..\IL\OMX_ILCS.h">
      <Filter>头文件\IL</Filter>
    </ClInclude>
    <ClInclude Include="..\..\IL\OMX_Image.h">
      <Filter>头文件\IL</Filter>
    </ClInclude>
    <ClInclude Include="..\..\IL\OMX_Index.h">
      <Filter>头文件\IL</Filter>
    </ClInclude>
    <ClInclude Include="..\..\IL\OMX_IVCommon.h">
      <Filter>头文件\IL</Filter>
    </ClInclude>
    <ClInclude Include="..\..\IL\OMX_Other.h">
      <Filter>头文件\IL</Filter>
    </ClInclude>
    <ClInclude Include="..\..\IL\OMX_Types.h">
      <Filter>头文件\IL</Filter>
    </ClInclude>
    <ClInclude Include="..\..\IL\OMX_Video.h">
      <Filter>头文件\IL</Filter>
    </ClInclude>
    <ClInclude Include="..\..\src\OMX_Common.h">
      <Filter>头文件</Filter>
    </ClInclude>
    <ClInclude Include="..\..\src\bcm_host.h">
      <Filter>头文件</Filter>
    </ClInclude>
    <ClInclude Include="..\..\src\ilclient.h">
      <Filter>头文件</Filter>
    </ClInclude>
  </ItemGroup>
  <ItemGroup>
    <ClCompile Include="..\..\src\get_a_list_of_components.c">
      <Filter>源文件</Filter>
    </ClCompile>
    <ClCompile Include="..\..\src\get_component_port_info.c">
      <Filter>源文件</Filter>
    </ClCompile>
    <ClCompile Include="..\..\src\get_audio_port_info.c">
      <Filter>源文件</Filter>
    </ClCompile>
    <ClCompile Include="..\..\src\OMX_Common.c">
      <Filter>源文件</Filter>
    </ClCompile>
    <ClCompile Include="..\..\src\get_all_port_information.c">
      <Filter>源文件</Filter>
    </ClCompile>
    <ClCompile Include="..\..\src\il_decode_image.c">
      <Filter>源文件</Filter>
    </ClCompile>
    <ClCompile Include="..\..\src\change_componet_state.c">
      <Filter>源文件</Filter>
    </ClCompile>
    <ClCompile Include="..\..\src\ilclient_change_component_states.c">
      <Filter>源文件</Filter>
    </ClCompile>
    <ClCompile Include="..\..\src\ilclient.c">
      <Filter>源文件</Filter>
    </ClCompile>
    <ClCompile Include="..\..\src\ilcore.c">
      <Filter>源文件</Filter>
    </ClCompile>
    <ClCompile Include="..\..\src\ilclient_alloc_component_buffer.c">
      <Filter>源文件</Filter>
    </ClCompile>
    <ClCompile Include="..\..\src\ilclient_decode_image.c">
      <Filter>源文件</Filter>
    </ClCompile>
  </ItemGroup>
</Project>